
Microsoft Visual Studio Solution File, Format Version 12.00
# Visual Studio Version 17
VisualStudioVersion = 17.11.35219.272
MinimumVisualStudioVersion = 10.0.40219.1
Project("{FAE04EC0-301F-11D3-BF4B-00C04F79EFBC}") = "Task2", "Task2\Task2.csproj", "{13197476-4295-45F6-80B4-C4A264414DFF}"
EndProject
Global
	GlobalSection(SolutionConfigurationPlatforms) = preSolution
		Debug|Any CPU = Debug|Any CPU
		Release|Any CPU = Release|Any CPU
	EndGlobalSection
	GlobalSection(ProjectConfigurationPlatforms) = postSolution
		{13197476-4295-45F6-80B4-C4A264414DFF}.Debug|Any CPU.ActiveCfg = Debug|Any CPU
		{13197476-4295-45F6-80B4-C4A264414DFF}.Debug|Any CPU.Build.0 = Debug|Any CPU
		{13197476-4295-45F6-80B4-C4A264414DFF}.Release|Any CPU.ActiveCfg = Release|Any CPU
		{13197476-4295-45F6-80B4-C4A264414DFF}.Release|Any CPU.Build.0 = Release|Any CPU
	EndGlobalSection
	GlobalSection(SolutionProperties) = preSolution
		HideSolutionNode = FALSE
	EndGlobalSection
	GlobalSection(ExtensibilityGlobals) = postSolution
		SolutionGuid = {A15CCD26-A730-4553-8B3C-FED728384671}
	EndGlobalSection
EndGlobal
